<?xml version="1.0" encoding="utf-8"?>
<Project ToolsVersion="4.0" xmlns="http://schemas.microsoft.com/developer/msbuild/2003">
  <ItemGroup>
    <Filter Include="Dependencies">
      <UniqueIdentifier>{6C01343A-5864-C3DE-01EA-FB94ED2B8F61}</UniqueIdentifier>
    </Filter>
    <Filter Include="Dependencies\imgui">
      <UniqueIdentifier>{D66F4EFA-C253-0F50-2BB4-09A317B7F9D1}</UniqueIdentifier>
    </Filter>
    <Filter Include="Platform">
      <UniqueIdentifier>{2AC788B4-1694-E3BF-3FAD-D1672BD9184E}</UniqueIdentifier>
    </Filter>
    <Filter Include="Platform\Vulkan">
      <UniqueIdentifier>{6AE1DE2D-D66C-4CF2-DF7D-CFE64B88A8F2}</UniqueIdentifier>
    </Filter>
    <Filter Include="src">
      <UniqueIdentifier>{2DAB880B-99B4-887C-2230-9F7C8E38947C}</UniqueIdentifier>
    </Filter>
    <Filter Include="src\Entry">
      <UniqueIdentifier>{8EF7DAB2-FA61-8F29-43A0-40CFAF496D7E}</UniqueIdentifier>
    </Filter>
    <Filter Include="src\Graphics">
      <UniqueIdentifier>{0D564864-F9B8-D708-A23E-10BF8E80A38B}</UniqueIdentifier>
    </Filter>
    <Filter Include="src\Util">
      <UniqueIdentifier>{9AC626CF-8693-81DA-AFAC-6F829BD8B668}</UniqueIdentifier>
    </Filter>
    <Filter Include="src\Window">
      <UniqueIdentifier>{74C3D837-607B-1A85-C982-F3E0B559B575}</UniqueIdentifier>
    </Filter>
  </ItemGroup>
  <ItemGroup>
    <ClInclude Include="Dependencies\imgui\imconfig.h">
      <Filter>Dependencies\imgui</Filter>
    </ClInclude>
    <ClInclude Include="Dependencies\imgui\imgui.h">
      <Filter>Dependencies\imgui</Filter>
    </ClInclude>
    <ClInclude Include="Dependencies\imgui\imgui_impl_glfw.h">
      <Filter>Dependencies\imgui</Filter>
    </ClInclude>
    <ClInclude Include="Dependencies\imgui\imgui_impl_vulkan.h">
      <Filter>Dependencies\imgui</Filter>
    </ClInclude>
    <ClInclude Include="Dependencies\imgui\imgui_internal.h">
      <Filter>Dependencies\imgui</Filter>
    </ClInclude>
    <ClInclude Include="Dependencies\imgui\imstb_rectpack.h">
      <Filter>Dependencies\imgui</Filter>
    </ClInclude>
    <ClInclude Include="Dependencies\imgui\imstb_textedit.h">
      <Filter>Dependencies\imgui</Filter>
    </ClInclude>
    <ClInclude Include="Dependencies\imgui\imstb_truetype.h">
      <Filter>Dependencies\imgui</Filter>
    </ClInclude>
    <ClInclude Include="Platform\Vulkan\VulkanAPI.h">
      <Filter>Platform\Vulkan</Filter>
    </ClInclude>
    <ClInclude Include="src\Application.h">
      <Filter>src</Filter>
    </ClInclude>
    <ClInclude Include="src\Graphics\GraphicsAPI.h">
      <Filter>src\Graphics</Filter>
    </ClInclude>
    <ClInclude Include="src\Graphics\RenderCommand.h">
      <Filter>src\Graphics</Filter>
    </ClInclude>
    <ClInclude Include="src\Graphics\Renderer.h">
      <Filter>src\Graphics</Filter>
    </ClInclude>
    <ClInclude Include="src\Graphics\Structures.h">
      <Filter>src\Graphics</Filter>
    </ClInclude>
    <ClInclude Include="src\Util\Util.h">
      <Filter>src\Util</Filter>
    </ClInclude>
    <ClInclude Include="src\Window\Window.h">
      <Filter>src\Window</Filter>
    </ClInclude>
  </ItemGroup>
  <ItemGroup>
    <ClCompile Include="Dependencies\imgui\imgui.cpp">
      <Filter>Dependencies\imgui</Filter>
    </ClCompile>
    <ClCompile Include="Dependencies\imgui\imgui_demo.cpp">
      <Filter>Dependencies\imgui</Filter>
    </ClCompile>
    <ClCompile Include="Dependencies\imgui\imgui_draw.cpp">
      <Filter>Dependencies\imgui</Filter>
    </ClCompile>
    <ClCompile Include="Dependencies\imgui\imgui_impl_glfw.cpp">
      <Filter>Dependencies\imgui</Filter>
    </ClCompile>
    <ClCompile Include="Dependencies\imgui\imgui_impl_vulkan.cpp">
      <Filter>Dependencies\imgui</Filter>
    </ClCompile>
    <ClCompile Include="Dependencies\imgui\imgui_tables.cpp">
      <Filter>Dependencies\imgui</Filter>
    </ClCompile>
    <ClCompile Include="Dependencies\imgui\imgui_widgets.cpp">
      <Filter>Dependencies\imgui</Filter>
    </ClCompile>
    <ClCompile Include="Platform\Vulkan\VulkanAPI.cpp">
      <Filter>Platform\Vulkan</Filter>
    </ClCompile>
    <ClCompile Include="src\Application.cpp">
      <Filter>src</Filter>
    </ClCompile>
    <ClCompile Include="src\Entry\Entry.cpp">
      <Filter>src\Entry</Filter>
    </ClCompile>
    <ClCompile Include="src\Graphics\GraphicsAPI.cpp">
      <Filter>src\Graphics</Filter>
    </ClCompile>
    <ClCompile Include="src\Graphics\RenderCommand.cpp">
      <Filter>src\Graphics</Filter>
    </ClCompile>
    <ClCompile Include="src\Graphics\Renderer.cpp">
      <Filter>src\Graphics</Filter>
    </ClCompile>
    <ClCompile Include="src\Window\Window.cpp">
      <Filter>src\Window</Filter>
    </ClCompile>
  </ItemGroup>
</Project>